
Microsoft Visual Studio Solution File, Format Version 12.00
# Visual Studio Version 16
VisualStudioVersion = 16.0.31613.86
MinimumVisualStudioVersion = 10.0.40219.1
Project("{FAE04EC0-301F-11D3-BF4B-00C04F79EFBC}") = "Лабораторная 3. Backups", "Лабораторная 3. Backups\Лабораторная 3. Backups.csproj", "{9C4D6947-E5DD-4F5C-BC16-85950D5BECFE}"
EndProject
Global
	GlobalSection(SolutionConfigurationPlatforms) = preSolution
		Debug|Any CPU = Debug|Any CPU
		Release|Any CPU = Release|Any CPU
	EndGlobalSection
	GlobalSection(ProjectConfigurationPlatforms) = postSolution
		{9C4D6947-E5DD-4F5C-BC16-85950D5BECFE}.Debug|Any CPU.ActiveCfg = Debug|Any CPU
		{9C4D6947-E5DD-4F5C-BC16-85950D5BECFE}.Debug|Any CPU.Build.0 = Debug|Any CPU
		{9C4D6947-E5DD-4F5C-BC16-85950D5BECFE}.Release|Any CPU.ActiveCfg = Release|Any CPU
		{9C4D6947-E5DD-4F5C-BC16-85950D5BECFE}.Release|Any CPU.Build.0 = Release|Any CPU
	EndGlobalSection
	GlobalSection(SolutionProperties) = preSolution
		HideSolutionNode = FALSE
	EndGlobalSection
	GlobalSection(ExtensibilityGlobals) = postSolution
		SolutionGuid = {124A5AE7-4F72-4E08-B9A8-716A84FAB285}
	EndGlobalSection
EndGlobal
